
Microsoft Visual Studio Solution File, Format Version 12.00
# Visual Studio 14
VisualStudioVersion = 14.0.25420.1
MinimumVisualStudioVersion = 10.0.40219.1
Project("{FAE04EC0-301F-11D3-BF4B-00C04F79EFBC}") = "BitportDownloader_ConsoleTest", "BitportDownloader_ConsoleTest\BitportDownloader_ConsoleTest.csproj", "{AFB65ECF-408D-4288-8348-B0E9B046A4E3}"
EndProject
Project("{FAE04EC0-301F-11D3-BF4B-00C04F79EFBC}") = "BitportDownloader_RestApi", "BitportDownloader_Common\BitportDownloader_RestApi.csproj", "{FC3D9F8C-9CC7-4288-8BFC-CD5E0A8EB254}"
EndProject
Project("{FAE04EC0-301F-11D3-BF4B-00C04F79EFBC}") = "BitportDownloader_SSH", "BitportDownloader_SSH\BitportDownloader_SSH.csproj", "{41ABDAF4-83D1-4E2B-BDAC-40E853801288}"
EndProject
Project("{FAE04EC0-301F-11D3-BF4B-00C04F79EFBC}") = "BitportDownloader_DownloadManager", "BitportDownloader_DownloadManager\BitportDownloader_DownloadManager.csproj", "{C7ACE485-B29B-4F1C-A487-2F670F7E6363}"
EndProject
Global
	GlobalSection(SolutionConfigurationPlatforms) = preSolution
		Debug|Any CPU = Debug|Any CPU
		Release|Any CPU = Release|Any CPU
	EndGlobalSection
	GlobalSection(ProjectConfigurationPlatforms) = postSolution
		{AFB65ECF-408D-4288-8348-B0E9B046A4E3}.Debug|Any CPU.ActiveCfg = Debug|Any CPU
		{AFB65ECF-408D-4288-8348-B0E9B046A4E3}.Debug|Any CPU.Build.0 = Debug|Any CPU
		{AFB65ECF-408D-4288-8348-B0E9B046A4E3}.Release|Any CPU.ActiveCfg = Release|Any CPU
		{AFB65ECF-408D-4288-8348-B0E9B046A4E3}.Release|Any CPU.Build.0 = Release|Any CPU
		{FC3D9F8C-9CC7-4288-8BFC-CD5E0A8EB254}.Debug|Any CPU.ActiveCfg = Debug|Any CPU
		{FC3D9F8C-9CC7-4288-8BFC-CD5E0A8EB254}.Debug|Any CPU.Build.0 = Debug|Any CPU
		{FC3D9F8C-9CC7-4288-8BFC-CD5E0A8EB254}.Release|Any CPU.ActiveCfg = Release|Any CPU
		{FC3D9F8C-9CC7-4288-8BFC-CD5E0A8EB254}.Release|Any CPU.Build.0 = Release|Any CPU
		{41ABDAF4-83D1-4E2B-BDAC-40E853801288}.Debug|Any CPU.ActiveCfg = Debug|Any CPU
		{41ABDAF4-83D1-4E2B-BDAC-40E853801288}.Debug|Any CPU.Build.0 = Debug|Any CPU
		{41ABDAF4-83D1-4E2B-BDAC-40E853801288}.Release|Any CPU.ActiveCfg = Release|Any CPU
		{41ABDAF4-83D1-4E2B-BDAC-40E853801288}.Release|Any CPU.Build.0 = Release|Any CPU
		{C7ACE485-B29B-4F1C-A487-2F670F7E6363}.Debug|Any CPU.ActiveCfg = Debug|Any CPU
		{C7ACE485-B29B-4F1C-A487-2F670F7E6363}.Debug|Any CPU.Build.0 = Debug|Any CPU
		{C7ACE485-B29B-4F1C-A487-2F670F7E6363}.Release|Any CPU.ActiveCfg = Release|Any CPU
		{C7ACE485-B29B-4F1C-A487-2F670F7E6363}.Release|Any CPU.Build.0 = Release|Any CPU
	EndGlobalSection
	GlobalSection(SolutionProperties) = preSolution
		HideSolutionNode = FALSE
	EndGlobalSection
EndGlobal
